{
  "nodes": {
    "nixpkgs": {
      "locked": {
        "lastModified": 1694237756,
        "narHash": "sha256-8T29BDnqRexwVy3jhEzIH9r7ROiF9I6ESVD0QLC6VXk=",
        "owner": "NixOS",
        "repo": "nixpkgs",
        "rev": "1a5bda2b28ea75a96dda2c349fe6d5e7864950ee",
        "type": "github"
      },
      "original": {
        "owner": "NixOS",
        "ref": "master",
        "repo": "nixpkgs",
        "type": "github"
      }
    },
    "root": {
      "inputs": {
        "nixpkgs": "nixpkgs",
        "systems": "systems"
      }
    },
    "systems": {
      "locked": {
        "lastModified": 1681028828,
        "narHash": "sha256-Vy1rq5AaRuLzOxct8nz4T6wlgyUR7zLU309k9mBC768=",
        "owner": "nix-systems",
        "repo": "default",
        "rev": "da67096a3b9bf56a91d16901293e51ba5b49a27e",
        "type": "github"
      },
      "original": {
        "id": "systems",
        "type": "indirect"
      }
    }
  },
  "root": "root",
  "version": 7
}
